
Microsoft Visual Studio Solution File, Format Version 12.00
# Visual Studio 15
VisualStudioVersion = 15.0.27004.2009
MinimumVisualStudioVersion = 10.0.40219.1
Project("{8BC9CEB8-8B4A-11D0-8D11-00A0C91BC942}") = "Premiere", "Premiere\Premiere.vcxproj", "{7ECEB640-2035-4AF0-AAAA-9DFD97146D0C}"
EndProject
Global
	GlobalSection(SolutionConfigurationPlatforms) = preSolution
		Debug|x64 = Debug|x64
		Release|x64 = Release|x64
	EndGlobalSection
	GlobalSection(ProjectConfigurationPlatforms) = postSolution
		{7ECEB640-2035-4AF0-AAAA-9DFD97146D0C}.Debug|x64.ActiveCfg = Debug|x64
		{7ECEB640-2035-4AF0-AAAA-9DFD97146D0C}.Debug|x64.Build.0 = Debug|x64
		{7ECEB640-2035-4AF0-AAAA-9DFD97146D0C}.Release|x64.ActiveCfg = Release|x64
		{7ECEB640-2035-4AF0-AAAA-9DFD97146D0C}.Release|x64.Build.0 = Release|x64
	EndGlobalSection
	GlobalSection(SolutionProperties) = preSolution
		HideSolutionNode = FALSE
	EndGlobalSection
	GlobalSection(ExtensibilityGlobals) = postSolution
		SolutionGuid = {7E37E9CD-3D66-4A65-B3A2-C90C3167F376}
	EndGlobalSection
EndGlobal
