
Microsoft Visual Studio Solution File, Format Version 12.00
# Visual Studio 15
VisualStudioVersion = 15.0.27130.2036
MinimumVisualStudioVersion = 10.0.40219.1
Project("{8BC9CEB8-8B4A-11D0-8D11-00A0C91BC942}") = "PremierePlugin", "PremierePlugin\PremierePlugin.vcxproj", "{9BC3A612-6C09-4E15-A4AD-D0DF9A20012F}"
EndProject
Project("{8BC9CEB8-8B4A-11D0-8D11-00A0C91BC942}") = "Core", "Core\Core.vcxproj", "{359C3690-9837-4368-9322-FD633464842C}"
EndProject
Global
	GlobalSection(SolutionConfigurationPlatforms) = preSolution
		Debug|x64 = Debug|x64
		Debug|x86 = Debug|x86
		Release|x64 = Release|x64
		Release|x86 = Release|x86
	EndGlobalSection
	GlobalSection(ProjectConfigurationPlatforms) = postSolution
		{9BC3A612-6C09-4E15-A4AD-D0DF9A20012F}.Debug|x64.ActiveCfg = Debug|x64
		{9BC3A612-6C09-4E15-A4AD-D0DF9A20012F}.Debug|x64.Build.0 = Debug|x64
		{9BC3A612-6C09-4E15-A4AD-D0DF9A20012F}.Debug|x86.ActiveCfg = Debug|Win32
		{9BC3A612-6C09-4E15-A4AD-D0DF9A20012F}.Debug|x86.Build.0 = Debug|Win32
		{9BC3A612-6C09-4E15-A4AD-D0DF9A20012F}.Release|x64.ActiveCfg = Release|x64
		{9BC3A612-6C09-4E15-A4AD-D0DF9A20012F}.Release|x64.Build.0 = Release|x64
		{9BC3A612-6C09-4E15-A4AD-D0DF9A20012F}.Release|x86.ActiveCfg = Release|Win32
		{9BC3A612-6C09-4E15-A4AD-D0DF9A20012F}.Release|x86.Build.0 = Release|Win32
		{359C3690-9837-4368-9322-FD633464842C}.Debug|x64.ActiveCfg = Debug|x64
		{359C3690-9837-4368-9322-FD633464842C}.Debug|x64.Build.0 = Debug|x64
		{359C3690-9837-4368-9322-FD633464842C}.Debug|x86.ActiveCfg = Debug|Win32
		{359C3690-9837-4368-9322-FD633464842C}.Debug|x86.Build.0 = Debug|Win32
		{359C3690-9837-4368-9322-FD633464842C}.Release|x64.ActiveCfg = Release|x64
		{359C3690-9837-4368-9322-FD633464842C}.Release|x64.Build.0 = Release|x64
		{359C3690-9837-4368-9322-FD633464842C}.Release|x86.ActiveCfg = Release|Win32
		{359C3690-9837-4368-9322-FD633464842C}.Release|x86.Build.0 = Release|Win32
	EndGlobalSection
	GlobalSection(SolutionProperties) = preSolution
		HideSolutionNode = FALSE
	EndGlobalSection
	GlobalSection(ExtensibilityGlobals) = postSolution
		SolutionGuid = {7E37E9CD-3D66-4A65-B3A2-C90C3167F376}
	EndGlobalSection
EndGlobal
