<?xml version="1.0" encoding="utf-8"?>
<Project ToolsVersion="4.0" xmlns="http://schemas.microsoft.com/developer/msbuild/2003">
  <ItemGroup>
    <Filter Include="Source Files">
      <UniqueIdentifier>{4FC737F1-C7A5-4376-A066-2A32D752A2FF}</UniqueIdentifier>
      <Extensions>cpp;c;cc;cxx;def;odl;idl;hpj;bat;asm;asmx</Extensions>
    </Filter>
    <Filter Include="Header Files">
      <UniqueIdentifier>{93995380-89BD-4b04-88EB-625FBE52EBFB}</UniqueIdentifier>
      <Extensions>h;hh;hpp;hxx;hm;inl;inc;xsd</Extensions>
    </Filter>
    <Filter Include="Resource Files">
      <UniqueIdentifier>{67DA6AB6-F800-4c08-8B7A-83BB121AAD01}</UniqueIdentifier>
      <Extensions>rc;ico;cur;bmp;dlg;rc2;rct;bin;rgs;gif;jpg;jpeg;jpe;resx;tiff;tif;png;wav;mfcribbon-ms</Extensions>
    </Filter>
  </ItemGroup>
  <ItemGroup>
    <ClInclude Include="targetver.h">
      <Filter>Header Files</Filter>
    </ClInclude>
    <ClInclude Include="sdkheaders\AE_CacheOnLoadSuite.h">
      <Filter>Header Files</Filter>
    </ClInclude>
    <ClInclude Include="sdkheaders\PrSDKAcceleratedRender.h">
      <Filter>Header Files</Filter>
    </ClInclude>
    <ClInclude Include="sdkheaders\PrSDKAcceleratedRenderInvocationSuite.h">
      <Filter>Header Files</Filter>
    </ClInclude>
    <ClInclude Include="sdkheaders\PrSDKActivationEvent.h">
      <Filter>Header Files</Filter>
    </ClInclude>
    <ClInclude Include="sdkheaders\PrSDKAESupport.h">
      <Filter>Header Files</Filter>
    </ClInclude>
    <ClInclude Include="sdkheaders\PrSDKAlphaTypes.h">
      <Filter>Header Files</Filter>
    </ClInclude>
    <ClInclude Include="sdkheaders\PrSDKAppInfoSuite.h">
      <Filter>Header Files</Filter>
    </ClInclude>
    <ClInclude Include="sdkheaders\PrSDKApplicationSettingsSuite.h">
      <Filter>Header Files</Filter>
    </ClInclude>
    <ClInclude Include="sdkheaders\PrSDKAsyncFileReaderSuite.h">
      <Filter>Header Files</Filter>
    </ClInclude>
    <ClInclude Include="sdkheaders\PrSDKAsyncImporter.h">
      <Filter>Header Files</Filter>
    </ClInclude>
    <ClInclude Include="sdkheaders\PrSDKAsyncOperationSuite.h">
      <Filter>Header Files</Filter>
    </ClInclude>
    <ClInclude Include="sdkheaders\PrSDKAudioSuite.h">
      <Filter>Header Files</Filter>
    </ClInclude>
    <ClInclude Include="sdkheaders\PrSDKCaptioningSuite.h">
      <Filter>Header Files</Filter>
    </ClInclude>
    <ClInclude Include="sdkheaders\PrSDKClassData.h">
      <Filter>Header Files</Filter>
    </ClInclude>
    <ClInclude Include="sdkheaders\PrSDKClipRenderSuite.h">
      <Filter>Header Files</Filter>
    </ClInclude>
    <ClInclude Include="sdkheaders\PrSDKDeferredProcessingSuite.h">
      <Filter>Header Files</Filter>
    </ClInclude>
    <ClInclude Include="sdkheaders\PrSDKDevice.h">
      <Filter>Header Files</Filter>
    </ClInclude>
    <ClInclude Include="sdkheaders\PrSDKEffect.h">
      <Filter>Header Files</Filter>
    </ClInclude>
    <ClInclude Include="sdkheaders\PrSDKEntry.h">
      <Filter>Header Files</Filter>
    </ClInclude>
    <ClInclude Include="sdkheaders\PrSDKErrorSuite.h">
      <Filter>Header Files</Filter>
    </ClInclude>
    <ClInclude Include="sdkheaders\PrSDKExport.h">
      <Filter>Header Files</Filter>
    </ClInclude>
    <ClInclude Include="sdkheaders\PrSDKExportController.h">
      <Filter>Header Files</Filter>
    </ClInclude>
    <ClInclude Include="sdkheaders\PrSDKExportControllerSuite.h">
      <Filter>Header Files</Filter>
    </ClInclude>
    <ClInclude Include="sdkheaders\PrSDKExporterUtilitySuite.h">
      <Filter>Header Files</Filter>
    </ClInclude>
    <ClInclude Include="sdkheaders\PrSDKExportFileSuite.h">
      <Filter>Header Files</Filter>
    </ClInclude>
    <ClInclude Include="sdkheaders\PrSDKExportInfoSuite.h">
      <Filter>Header Files</Filter>
    </ClInclude>
    <ClInclude Include="sdkheaders\PrSDKExportParamSuite.h">
      <Filter>Header Files</Filter>
    </ClInclude>
    <ClInclude Include="sdkheaders\PrSDKExportProgressSuite.h">
      <Filter>Header Files</Filter>
    </ClInclude>
    <ClInclude Include="sdkheaders\PrSDKExportStdParamSuite.h">
      <Filter>Header Files</Filter>
    </ClInclude>
    <ClInclude Include="sdkheaders\PrSDKFileRegistrationSuite.h">
      <Filter>Header Files</Filter>
    </ClInclude>
    <ClInclude Include="sdkheaders\PrSDKFlashCueMarkerDataSuite.h">
      <Filter>Header Files</Filter>
    </ClInclude>
    <ClInclude Include="sdkheaders\PrSDKImageProcessingSuite.h">
      <Filter>Header Files</Filter>
    </ClInclude>
    <ClInclude Include="sdkheaders\PrSDKImport.h">
      <Filter>Header Files</Filter>
    </ClInclude>
    <ClInclude Include="sdkheaders\PrSDKImporterFileManagerSuite.h">
      <Filter>Header Files</Filter>
    </ClInclude>
    <ClInclude Include="sdkheaders\PrSDKImporterShared.h">
      <Filter>Header Files</Filter>
    </ClInclude>
    <ClInclude Include="sdkheaders\PrSDKLegacySuite.h">
      <Filter>Header Files</Filter>
    </ClInclude>
    <ClInclude Include="sdkheaders\PrSDKMALErrors.h">
      <Filter>Header Files</Filter>
    </ClInclude>
    <ClInclude Include="sdkheaders\PrSDKMarkerSuite.h">
      <Filter>Header Files</Filter>
    </ClInclude>
    <ClInclude Include="sdkheaders\PrSDKMediaAcceleratorSuite.h">
      <Filter>Header Files</Filter>
    </ClInclude>
    <ClInclude Include="sdkheaders\PrSDKMemoryManagerSuite.h">
      <Filter>Header Files</Filter>
    </ClInclude>
    <ClInclude Include="sdkheaders\PrSDKPaletteSuite.h">
      <Filter>Header Files</Filter>
    </ClInclude>
    <ClInclude Include="sdkheaders\PrSDKPiPLVer.h">
      <Filter>Header Files</Filter>
    </ClInclude>
    <ClInclude Include="sdkheaders\PrSDKPixelFormat.h">
      <Filter>Header Files</Filter>
    </ClInclude>
    <ClInclude Include="sdkheaders\PrSDKPixelFormatSuite.h">
      <Filter>Header Files</Filter>
    </ClInclude>
    <ClInclude Include="sdkheaders\PrSDKPlayModule.h">
      <Filter>Header Files</Filter>
    </ClInclude>
    <ClInclude Include="sdkheaders\PrSDKPlayModuleAudioSuite.h">
      <Filter>Header Files</Filter>
    </ClInclude>
    <ClInclude Include="sdkheaders\PrSDKPlayModuleDeviceControlSuite.h">
      <Filter>Header Files</Filter>
    </ClInclude>
    <ClInclude Include="sdkheaders\PrSDKPlayModuleOverlaySuite.h">
      <Filter>Header Files</Filter>
    </ClInclude>
    <ClInclude Include="sdkheaders\PrSDKPlayModuleRenderSuite.h">
      <Filter>Header Files</Filter>
    </ClInclude>
    <ClInclude Include="sdkheaders\PrSDKPlugMemory.h">
      <Filter>Header Files</Filter>
    </ClInclude>
    <ClInclude Include="sdkheaders\PrSDKPlugPPix.h">
      <Filter>Header Files</Filter>
    </ClInclude>
    <ClInclude Include="sdkheaders\PrSDKPlugSuites.h">
      <Filter>Header Files</Filter>
    </ClInclude>
    <ClInclude Include="sdkheaders\PrSDKPlugTimeline.h">
      <Filter>Header Files</Filter>
    </ClInclude>
    <ClInclude Include="sdkheaders\PrSDKPlugUtilities.h">
      <Filter>Header Files</Filter>
    </ClInclude>
    <ClInclude Include="sdkheaders\PrSDKPlugWindow.h">
      <Filter>Header Files</Filter>
    </ClInclude>
    <ClInclude Include="sdkheaders\PrSDKPPix2Suite.h">
      <Filter>Header Files</Filter>
    </ClInclude>
    <ClInclude Include="sdkheaders\PrSDKPPixCacheSuite.h">
      <Filter>Header Files</Filter>
    </ClInclude>
    <ClInclude Include="sdkheaders\PrSDKPPixCreator2Suite.h">
      <Filter>Header Files</Filter>
    </ClInclude>
    <ClInclude Include="sdkheaders\PrSDKPPixCreatorSuite.h">
      <Filter>Header Files</Filter>
    </ClInclude>
    <ClInclude Include="sdkheaders\PrSDKPPixSuite.h">
      <Filter>Header Files</Filter>
    </ClInclude>
    <ClInclude Include="sdkheaders\PrSDKQuality.h">
      <Filter>Header Files</Filter>
    </ClInclude>
    <ClInclude Include="sdkheaders\PrSDKRecordModule.h">
      <Filter>Header Files</Filter>
    </ClInclude>
    <ClInclude Include="sdkheaders\PrSDKRenderCacheType.h">
      <Filter>Header Files</Filter>
    </ClInclude>
    <ClInclude Include="sdkheaders\PrSDKRollCrawlSuite.h">
      <Filter>Header Files</Filter>
    </ClInclude>
    <ClInclude Include="sdkheaders\PrSDKSceneMetaData.h">
      <Filter>Header Files</Filter>
    </ClInclude>
    <ClInclude Include="sdkheaders\PrSDKScopeRenderSuite.h">
      <Filter>Header Files</Filter>
    </ClInclude>
    <ClInclude Include="sdkheaders\PrSDKSequenceAudioSuite.h">
      <Filter>Header Files</Filter>
    </ClInclude>
    <ClInclude Include="sdkheaders\PrSDKSequenceInfoSuite.h">
      <Filter>Header Files</Filter>
    </ClInclude>
    <ClInclude Include="sdkheaders\PrSDKSequenceRenderSuite.h">
      <Filter>Header Files</Filter>
    </ClInclude>
    <ClInclude Include="sdkheaders\PrSDKSetEnv.h">
      <Filter>Header Files</Filter>
    </ClInclude>
    <ClInclude Include="sdkheaders\PrSDKStockImageSuite.h">
      <Filter>Header Files</Filter>
    </ClInclude>
    <ClInclude Include="sdkheaders\PrSDKStreamLabel.h">
      <Filter>Header Files</Filter>
    </ClInclude>
    <ClInclude Include="sdkheaders\PrSDKStreamLabelEffectSuite.h">
      <Filter>Header Files</Filter>
    </ClInclude>
    <ClInclude Include="sdkheaders\PrSDKStringSuite.h">
      <Filter>Header Files</Filter>
    </ClInclude>
    <ClInclude Include="sdkheaders\PrSDKStructs.h">
      <Filter>Header Files</Filter>
    </ClInclude>
    <ClInclude Include="sdkheaders\PrSDKThreadedWorkSuite.h">
      <Filter>Header Files</Filter>
    </ClInclude>
    <ClInclude Include="sdkheaders\PrSDKTimeSuite.h">
      <Filter>Header Files</Filter>
    </ClInclude>
    <ClInclude Include="sdkheaders\PrSDKTransmit.h">
      <Filter>Header Files</Filter>
    </ClInclude>
    <ClInclude Include="sdkheaders\PrSDKTransmitInvocationSuite.h">
      <Filter>Header Files</Filter>
    </ClInclude>
    <ClInclude Include="sdkheaders\PrSDKTypes.h">
      <Filter>Header Files</Filter>
    </ClInclude>
    <ClInclude Include="sdkheaders\PrSDKVideoSegmentProperties.h">
      <Filter>Header Files</Filter>
    </ClInclude>
    <ClInclude Include="sdkheaders\PrSDKVideoSegmentRenderSuite.h">
      <Filter>Header Files</Filter>
    </ClInclude>
    <ClInclude Include="sdkheaders\PrSDKVideoSegmentSuite.h">
      <Filter>Header Files</Filter>
    </ClInclude>
    <ClInclude Include="sdkheaders\PrSDKWindowSuite.h">
      <Filter>Header Files</Filter>
    </ClInclude>
    <ClInclude Include="sdkheaders\SPBasic.h">
      <Filter>Header Files</Filter>
    </ClInclude>
    <ClInclude Include="sdkheaders\SPConfig.h">
      <Filter>Header Files</Filter>
    </ClInclude>
    <ClInclude Include="sdkheaders\SPErrorCodes.h">
      <Filter>Header Files</Filter>
    </ClInclude>
    <ClInclude Include="sdkheaders\SPTypes.h">
      <Filter>Header Files</Filter>
    </ClInclude>
    <ClInclude Include="Encoder.h">
      <Filter>Header Files</Filter>
    </ClInclude>
    <ClInclude Include="FrameFilter.h">
      <Filter>Header Files</Filter>
    </ClInclude>
    <ClInclude Include="resource.h">
      <Filter>Header Files</Filter>
    </ClInclude>
    <ClInclude Include="json.hpp">
      <Filter>Header Files</Filter>
    </ClInclude>
    <ClInclude Include="Settings.h">
      <Filter>Header Files</Filter>
    </ClInclude>
    <ClInclude Include="EncoderConfig.h">
      <Filter>Header Files</Filter>
    </ClInclude>
    <ClInclude Include="Voukoder.h">
      <Filter>Header Files</Filter>
    </ClInclude>
    <ClInclude Include="Common.h">
      <Filter>Header Files</Filter>
    </ClInclude>
    <ClInclude Include="EncoderInfo.h">
      <Filter>Header Files</Filter>
    </ClInclude>
    <ClInclude Include="EncoderUtils.h">
      <Filter>Header Files</Filter>
    </ClInclude>
    <ClInclude Include="MuxerInfo.h">
      <Filter>Header Files</Filter>
    </ClInclude>
    <ClInclude Include="EncoderContext.h">
      <Filter>Header Files</Filter>
    </ClInclude>
    <ClInclude Include="lavf.h">
      <Filter>Header Files</Filter>
    </ClInclude>
    <ClInclude Include="InstructionSet.h">
      <Filter>Header Files</Filter>
    </ClInclude>
    <ClInclude Include="VideoRenderer.h">
      <Filter>Header Files</Filter>
    </ClInclude>
    <ClInclude Include="EncodingData.h">
      <Filter>Header Files</Filter>
    </ClInclude>
    <ClInclude Include="Structs.h">
      <Filter>Header Files</Filter>
    </ClInclude>
  </ItemGroup>
  <ItemGroup>
    <ClCompile Include="Encoder.cpp">
      <Filter>Source Files</Filter>
    </ClCompile>
    <ClCompile Include="FrameFilter.cpp">
      <Filter>Source Files</Filter>
    </ClCompile>
    <ClCompile Include="Settings.cpp">
      <Filter>Source Files</Filter>
    </ClCompile>
    <ClCompile Include="EncoderConfig.cpp">
      <Filter>Source Files</Filter>
    </ClCompile>
    <ClCompile Include="Voukoder.cpp">
      <Filter>Source Files</Filter>
    </ClCompile>
    <ClCompile Include="Common.cpp">
      <Filter>Source Files</Filter>
    </ClCompile>
    <ClCompile Include="EncoderInfo.cpp">
      <Filter>Source Files</Filter>
    </ClCompile>
    <ClCompile Include="MuxerInfo.cpp">
      <Filter>Source Files</Filter>
    </ClCompile>
    <ClCompile Include="EncoderContext.cpp">
      <Filter>Source Files</Filter>
    </ClCompile>
    <ClCompile Include="VideoRenderer.cpp">
      <Filter>Source Files</Filter>
    </ClCompile>
  </ItemGroup>
  <ItemGroup>
    <None Include="sdkheaders\PrSDKPiPL.r">
      <Filter>Header Files</Filter>
    </None>
    <None Include="id_text1.bin">
      <Filter>Resource Files</Filter>
    </None>
    <None Include="config\Encoders.json" />
    <None Include="config\Muxers.json" />
    <None Include="config\General.json" />
  </ItemGroup>
  <ItemGroup>
    <ResourceCompile Include="Premiere.rc">
      <Filter>Resource Files</Filter>
    </ResourceCompile>
  </ItemGroup>
</Project>